
Microsoft Visual Studio Solution File, Format Version 12.00
# Visual Studio 15
VisualStudioVersion = 15.0.28307.136
MinimumVisualStudioVersion = 10.0.40219.1
Project("{9A19103F-16F7-4668-BE54-9A1E7A4F7556}") = "ConsoleApp1", "ConsoleApp1\ConsoleApp1.csproj", "{84821FEA-56E6-4099-9333-BAC93F39AA80}"
EndProject
Project("{FAE04EC0-301F-11D3-BF4B-00C04F79EFBC}") = "XUnitTestProject1", "XUnitTestProject1\XUnitTestProject1.csproj", "{02682319-0328-4181-AE5F-EFD6E7EC2EE7}"
EndProject
Project("{FAE04EC0-301F-11D3-BF4B-00C04F79EFBC}") = "Crypto", "Crypto\Crypto.csproj", "{B90CB734-DF70-4AC3-956C-FC61D7BF6019}"
EndProject
Global
	GlobalSection(SolutionConfigurationPlatforms) = preSolution
		Debug|Any CPU = Debug|Any CPU
		Release|Any CPU = Release|Any CPU
	EndGlobalSection
	GlobalSection(ProjectConfigurationPlatforms) = postSolution
		{84821FEA-56E6-4099-9333-BAC93F39AA80}.Debug|Any CPU.ActiveCfg = Debug|Any CPU
		{84821FEA-56E6-4099-9333-BAC93F39AA80}.Debug|Any CPU.Build.0 = Debug|Any CPU
		{84821FEA-56E6-4099-9333-BAC93F39AA80}.Release|Any CPU.ActiveCfg = Release|Any CPU
		{84821FEA-56E6-4099-9333-BAC93F39AA80}.Release|Any CPU.Build.0 = Release|Any CPU
		{02682319-0328-4181-AE5F-EFD6E7EC2EE7}.Debug|Any CPU.ActiveCfg = Debug|Any CPU
		{02682319-0328-4181-AE5F-EFD6E7EC2EE7}.Debug|Any CPU.Build.0 = Debug|Any CPU
		{02682319-0328-4181-AE5F-EFD6E7EC2EE7}.Release|Any CPU.ActiveCfg = Release|Any CPU
		{02682319-0328-4181-AE5F-EFD6E7EC2EE7}.Release|Any CPU.Build.0 = Release|Any CPU
		{B90CB734-DF70-4AC3-956C-FC61D7BF6019}.Debug|Any CPU.ActiveCfg = Debug|Any CPU
		{B90CB734-DF70-4AC3-956C-FC61D7BF6019}.Debug|Any CPU.Build.0 = Debug|Any CPU
		{B90CB734-DF70-4AC3-956C-FC61D7BF6019}.Release|Any CPU.ActiveCfg = Release|Any CPU
		{B90CB734-DF70-4AC3-956C-FC61D7BF6019}.Release|Any CPU.Build.0 = Release|Any CPU
	EndGlobalSection
	GlobalSection(SolutionProperties) = preSolution
		HideSolutionNode = FALSE
	EndGlobalSection
	GlobalSection(ExtensibilityGlobals) = postSolution
		SolutionGuid = {F9790FD5-D53D-4D78-8A88-6BAAA0B07BA6}
	EndGlobalSection
EndGlobal
